PODS:
  - Alamofire (4.7.3)
  - Cache (5.2.0)
  - HandyJSON (4.2.0)

DEPENDENCIES:
  - Alamofire (~> 4.7.3)
  - Cache
  - HandyJSON (~> 4.2.0)

SPEC REPOS:
  https://github.com/CocoaPods/Specs.git:
    - Alamofire
    - Cache
    - HandyJSON

SPEC CHECKSUMS:
  Alamofire: c7287b6e5d7da964a70935e5db17046b7fde6568
  Cache: 807c5d86d01a177f06ede9865add3aea269bbfd4
  HandyJSON: 9dfc026c7d7adc1f0f8ba8b181495f0e0763b0f4

PODFILE CHECKSUM: d749a5987fce96085f57840089b2a3e599f5c2e9

COCOAPODS: 1.5.3
